
Microsoft Visual Studio Solution File, Format Version 12.00
# Visual Studio 15
VisualStudioVersion = 15.0.27428.2015
MinimumVisualStudioVersion = 10.0.40219.1
Project("{FAE04EC0-301F-11D3-BF4B-00C04F79EFBC}") = "OrangeHeapDeobfuscator", "OrangeHeapDeobfuscator\OrangeHeapDeobfuscator.csproj", "{087F806A-5104-46BF-9505-9D9E42AB9B20}"
EndProject
Project("{FAE04EC0-301F-11D3-BF4B-00C04F79EFBC}") = "dnlib", "..\..\..\Desktop\dnlib-master\src\dnlib.csproj", "{FDFC1237-143F-4919-8318-4926901F4639}"
EndProject
Global
	GlobalSection(SolutionConfigurationPlatforms) = preSolution
		Debug|Any CPU = Debug|Any CPU
		Release|Any CPU = Release|Any CPU
	EndGlobalSection
	GlobalSection(ProjectConfigurationPlatforms) = postSolution
		{087F806A-5104-46BF-9505-9D9E42AB9B20}.Debug|Any CPU.ActiveCfg = Debug|Any CPU
		{087F806A-5104-46BF-9505-9D9E42AB9B20}.Debug|Any CPU.Build.0 = Debug|Any CPU
		{087F806A-5104-46BF-9505-9D9E42AB9B20}.Release|Any CPU.ActiveCfg = Release|Any CPU
		{087F806A-5104-46BF-9505-9D9E42AB9B20}.Release|Any CPU.Build.0 = Release|Any CPU
		{FDFC1237-143F-4919-8318-4926901F4639}.Debug|Any CPU.ActiveCfg = Debug|Any CPU
		{FDFC1237-143F-4919-8318-4926901F4639}.Debug|Any CPU.Build.0 = Debug|Any CPU
		{FDFC1237-143F-4919-8318-4926901F4639}.Release|Any CPU.ActiveCfg = Release|Any CPU
		{FDFC1237-143F-4919-8318-4926901F4639}.Release|Any CPU.Build.0 = Release|Any CPU
	EndGlobalSection
	GlobalSection(SolutionProperties) = preSolution
		HideSolutionNode = FALSE
	EndGlobalSection
	GlobalSection(ExtensibilityGlobals) = postSolution
		SolutionGuid = {22E1A197-540D-4C41-BC70-B2C1105D0F11}
	EndGlobalSection
EndGlobal
